PODS:
  - Alamofire (4.8.2)
  - UIWindowTransitions (1.0.0)

DEPENDENCIES:
  - Alamofire (~> 4.8.0)
  - UIWindowTransitions

SPEC REPOS:
  trunk:
    - Alamofire
    - UIWindowTransitions

SPEC CHECKSUMS:
  Alamofire: ae5c501addb7afdbb13687d7f2f722c78734c2d3
  UIWindowTransitions: 2237083382e11f100db7de934041bba0c4669c86

PODFILE CHECKSUM: 1cbb93e49386a91fc8fdfd54a4e1c8f0845d980b

COCOAPODS: 1.11.3
